
Microsoft Visual Studio Solution File, Format Version 12.00
# Visual Studio Version 17
VisualStudioVersion = 17.5.002.0
MinimumVisualStudioVersion = 10.0.40219.1
Project("{2150E333-8FDC-42A3-9474-1A3956D46DE8}") = "bin", "bin", "{63361F09-93D5-41ED-80A1-289F290D8FEA}"
EndProject
Project("{2150E333-8FDC-42A3-9474-1A3956D46DE8}") = "working_dir", "working_dir", "{6E0188D6-14AB-4D1B-B74C-FE719E86275A}"
	ProjectSection(SolutionItems) = preProject
		working_dir\clientData.txt = working_dir\clientData.txt
		working_dir\config.json = working_dir\config.json
		working_dir\identityData.txt = working_dir\identityData.txt
	EndProjectSection
EndProject
Project("{9A19103F-16F7-4668-BE54-9A1E7A4F7556}") = "Lmaotho-bin", "bin\Conrock\Lmaotho-bin.csproj", "{047DF161-C17D-4112-A0A8-F1372DACA06A}"
EndProject
Project("{2150E333-8FDC-42A3-9474-1A3956D46DE8}") = "Executables", "Executables", "{3E176999-E4C3-4653-A418-D03E68B591EA}"
EndProject
Project("{9A19103F-16F7-4668-BE54-9A1E7A4F7556}") = "DeepslateLauncher", "Executables\DeepslateLauncher\DeepslateLauncher.csproj", "{EC09D7C1-A555-46A1-9028-F3E36DD1DA0A}"
EndProject
Project("{9A19103F-16F7-4668-BE54-9A1E7A4F7556}") = "DeepslateMonitor", "Executables\DeepslateMonitor\DeepslateMonitor.csproj", "{C2876F29-B676-4B59-A297-EA1E9F6C413E}"
EndProject
Project("{2150E333-8FDC-42A3-9474-1A3956D46DE8}") = "Libraries", "Libraries", "{1D21DEB3-741B-4A27-8C41-4D56B959E0DF}"
EndProject
Project("{9A19103F-16F7-4668-BE54-9A1E7A4F7556}") = "Base", "Libraries\Base\Base.csproj", "{43DAD72E-E7DB-4446-82A3-02EAD53F4B59}"
EndProject
Project("{9A19103F-16F7-4668-BE54-9A1E7A4F7556}") = "Buffers", "Libraries\Buffer\Buffers.csproj", "{FB2E944F-6E36-4B35-95D6-3C6FD40F38AA}"
EndProject
Project("{9A19103F-16F7-4668-BE54-9A1E7A4F7556}") = "Deepslate", "Libraries\Deepslate\Deepslate.csproj", "{180F8A26-1351-4FDE-844D-40C0E09A5C02}"
EndProject
Project("{9A19103F-16F7-4668-BE54-9A1E7A4F7556}") = "ConsoleLogger", "Libraries\Logger\ConsoleLogger.csproj", "{FEFD4C0A-CCBC-4294-B726-295DAF535D6B}"
EndProject
Project("{9A19103F-16F7-4668-BE54-9A1E7A4F7556}") = "NBT", "Libraries\NBT\NBT.csproj", "{C0EB8686-799F-4A27-A477-D6E7239DC2E9}"
EndProject
Project("{9A19103F-16F7-4668-BE54-9A1E7A4F7556}") = "Network", "Libraries\Network\Network.csproj", "{A4633C6F-CCF1-48ED-B2D0-DF01FF4C47EE}"
EndProject
Project("{9A19103F-16F7-4668-BE54-9A1E7A4F7556}") = "Protocol", "Libraries\Protocol\Protocol.csproj", "{BAFF197D-2AD3-4B43-8381-FD5AA3A24B08}"
EndProject
Project("{9A19103F-16F7-4668-BE54-9A1E7A4F7556}") = "RakNet", "Libraries\Raknet\RakNet.csproj", "{E3BC8A06-08A0-4924-87BC-C71F267702A3}"
EndProject
Project("{2150E333-8FDC-42A3-9474-1A3956D46DE8}") = "Tests", "Tests", "{0BC212B3-805B-4676-801F-D91FA5E02E6B}"
EndProject
Project("{9A19103F-16F7-4668-BE54-9A1E7A4F7556}") = "Tesing", "Tests\BedrockServer\Tesing.csproj", "{E76AFB51-987D-4E8F-862D-F67E97287017}"
EndProject
Project("{9A19103F-16F7-4668-BE54-9A1E7A4F7556}") = "GeneralPlugin", "Tests\GeneralPlugin\GeneralPlugin.csproj", "{B03F8025-19B3-4926-9825-F01186B97E71}"
EndProject
Global
	GlobalSection(SolutionConfigurationPlatforms) = preSolution
		Debug|Any CPU = Debug|Any CPU
		Release|Any CPU = Release|Any CPU
	EndGlobalSection
	GlobalSection(ProjectConfigurationPlatforms) = postSolution
		{047DF161-C17D-4112-A0A8-F1372DACA06A}.Debug|Any CPU.ActiveCfg = Debug|Any CPU
		{047DF161-C17D-4112-A0A8-F1372DACA06A}.Debug|Any CPU.Build.0 = Debug|Any CPU
		{047DF161-C17D-4112-A0A8-F1372DACA06A}.Release|Any CPU.ActiveCfg = Release|Any CPU
		{047DF161-C17D-4112-A0A8-F1372DACA06A}.Release|Any CPU.Build.0 = Release|Any CPU
		{EC09D7C1-A555-46A1-9028-F3E36DD1DA0A}.Debug|Any CPU.ActiveCfg = Debug|Any CPU
		{EC09D7C1-A555-46A1-9028-F3E36DD1DA0A}.Debug|Any CPU.Build.0 = Debug|Any CPU
		{EC09D7C1-A555-46A1-9028-F3E36DD1DA0A}.Release|Any CPU.ActiveCfg = Release|Any CPU
		{EC09D7C1-A555-46A1-9028-F3E36DD1DA0A}.Release|Any CPU.Build.0 = Release|Any CPU
		{C2876F29-B676-4B59-A297-EA1E9F6C413E}.Debug|Any CPU.ActiveCfg = Debug|Any CPU
		{C2876F29-B676-4B59-A297-EA1E9F6C413E}.Debug|Any CPU.Build.0 = Debug|Any CPU
		{C2876F29-B676-4B59-A297-EA1E9F6C413E}.Release|Any CPU.ActiveCfg = Release|Any CPU
		{C2876F29-B676-4B59-A297-EA1E9F6C413E}.Release|Any CPU.Build.0 = Release|Any CPU
		{43DAD72E-E7DB-4446-82A3-02EAD53F4B59}.Debug|Any CPU.ActiveCfg = Debug|Any CPU
		{43DAD72E-E7DB-4446-82A3-02EAD53F4B59}.Debug|Any CPU.Build.0 = Debug|Any CPU
		{43DAD72E-E7DB-4446-82A3-02EAD53F4B59}.Release|Any CPU.ActiveCfg = Release|Any CPU
		{43DAD72E-E7DB-4446-82A3-02EAD53F4B59}.Release|Any CPU.Build.0 = Release|Any CPU
		{FB2E944F-6E36-4B35-95D6-3C6FD40F38AA}.Debug|Any CPU.ActiveCfg = Debug|Any CPU
		{FB2E944F-6E36-4B35-95D6-3C6FD40F38AA}.Debug|Any CPU.Build.0 = Debug|Any CPU
		{FB2E944F-6E36-4B35-95D6-3C6FD40F38AA}.Release|Any CPU.ActiveCfg = Release|Any CPU
		{FB2E944F-6E36-4B35-95D6-3C6FD40F38AA}.Release|Any CPU.Build.0 = Release|Any CPU
		{180F8A26-1351-4FDE-844D-40C0E09A5C02}.Debug|Any CPU.ActiveCfg = Debug|Any CPU
		{180F8A26-1351-4FDE-844D-40C0E09A5C02}.Debug|Any CPU.Build.0 = Debug|Any CPU
		{180F8A26-1351-4FDE-844D-40C0E09A5C02}.Release|Any CPU.ActiveCfg = Release|Any CPU
		{180F8A26-1351-4FDE-844D-40C0E09A5C02}.Release|Any CPU.Build.0 = Release|Any CPU
		{FEFD4C0A-CCBC-4294-B726-295DAF535D6B}.Debug|Any CPU.ActiveCfg = Debug|Any CPU
		{FEFD4C0A-CCBC-4294-B726-295DAF535D6B}.Debug|Any CPU.Build.0 = Debug|Any CPU
		{FEFD4C0A-CCBC-4294-B726-295DAF535D6B}.Release|Any CPU.ActiveCfg = Release|Any CPU
		{FEFD4C0A-CCBC-4294-B726-295DAF535D6B}.Release|Any CPU.Build.0 = Release|Any CPU
		{C0EB8686-799F-4A27-A477-D6E7239DC2E9}.Debug|Any CPU.ActiveCfg = Debug|Any CPU
		{C0EB8686-799F-4A27-A477-D6E7239DC2E9}.Debug|Any CPU.Build.0 = Debug|Any CPU
		{C0EB8686-799F-4A27-A477-D6E7239DC2E9}.Release|Any CPU.ActiveCfg = Release|Any CPU
		{C0EB8686-799F-4A27-A477-D6E7239DC2E9}.Release|Any CPU.Build.0 = Release|Any CPU
		{A4633C6F-CCF1-48ED-B2D0-DF01FF4C47EE}.Debug|Any CPU.ActiveCfg = Debug|Any CPU
		{A4633C6F-CCF1-48ED-B2D0-DF01FF4C47EE}.Debug|Any CPU.Build.0 = Debug|Any CPU
		{A4633C6F-CCF1-48ED-B2D0-DF01FF4C47EE}.Release|Any CPU.ActiveCfg = Release|Any CPU
		{A4633C6F-CCF1-48ED-B2D0-DF01FF4C47EE}.Release|Any CPU.Build.0 = Release|Any CPU
		{BAFF197D-2AD3-4B43-8381-FD5AA3A24B08}.Debug|Any CPU.ActiveCfg = Debug|Any CPU
		{BAFF197D-2AD3-4B43-8381-FD5AA3A24B08}.Debug|Any CPU.Build.0 = Debug|Any CPU
		{BAFF197D-2AD3-4B43-8381-FD5AA3A24B08}.Release|Any CPU.ActiveCfg = Release|Any CPU
		{BAFF197D-2AD3-4B43-8381-FD5AA3A24B08}.Release|Any CPU.Build.0 = Release|Any CPU
		{E3BC8A06-08A0-4924-87BC-C71F267702A3}.Debug|Any CPU.ActiveCfg = Debug|Any CPU
		{E3BC8A06-08A0-4924-87BC-C71F267702A3}.Debug|Any CPU.Build.0 = Debug|Any CPU
		{E3BC8A06-08A0-4924-87BC-C71F267702A3}.Release|Any CPU.ActiveCfg = Release|Any CPU
		{E3BC8A06-08A0-4924-87BC-C71F267702A3}.Release|Any CPU.Build.0 = Release|Any CPU
		{E76AFB51-987D-4E8F-862D-F67E97287017}.Debug|Any CPU.ActiveCfg = Debug|Any CPU
		{E76AFB51-987D-4E8F-862D-F67E97287017}.Debug|Any CPU.Build.0 = Debug|Any CPU
		{E76AFB51-987D-4E8F-862D-F67E97287017}.Release|Any CPU.ActiveCfg = Release|Any CPU
		{E76AFB51-987D-4E8F-862D-F67E97287017}.Release|Any CPU.Build.0 = Release|Any CPU
		{B03F8025-19B3-4926-9825-F01186B97E71}.Debug|Any CPU.ActiveCfg = Debug|Any CPU
		{B03F8025-19B3-4926-9825-F01186B97E71}.Debug|Any CPU.Build.0 = Debug|Any CPU
		{B03F8025-19B3-4926-9825-F01186B97E71}.Release|Any CPU.ActiveCfg = Release|Any CPU
		{B03F8025-19B3-4926-9825-F01186B97E71}.Release|Any CPU.Build.0 = Release|Any CPU
	EndGlobalSection
	GlobalSection(SolutionProperties) = preSolution
		HideSolutionNode = FALSE
	EndGlobalSection
	GlobalSection(NestedProjects) = preSolution
		{047DF161-C17D-4112-A0A8-F1372DACA06A} = {63361F09-93D5-41ED-80A1-289F290D8FEA}
		{EC09D7C1-A555-46A1-9028-F3E36DD1DA0A} = {3E176999-E4C3-4653-A418-D03E68B591EA}
		{C2876F29-B676-4B59-A297-EA1E9F6C413E} = {3E176999-E4C3-4653-A418-D03E68B591EA}
		{43DAD72E-E7DB-4446-82A3-02EAD53F4B59} = {1D21DEB3-741B-4A27-8C41-4D56B959E0DF}
		{FB2E944F-6E36-4B35-95D6-3C6FD40F38AA} = {1D21DEB3-741B-4A27-8C41-4D56B959E0DF}
		{180F8A26-1351-4FDE-844D-40C0E09A5C02} = {1D21DEB3-741B-4A27-8C41-4D56B959E0DF}
		{FEFD4C0A-CCBC-4294-B726-295DAF535D6B} = {1D21DEB3-741B-4A27-8C41-4D56B959E0DF}
		{C0EB8686-799F-4A27-A477-D6E7239DC2E9} = {1D21DEB3-741B-4A27-8C41-4D56B959E0DF}
		{A4633C6F-CCF1-48ED-B2D0-DF01FF4C47EE} = {1D21DEB3-741B-4A27-8C41-4D56B959E0DF}
		{BAFF197D-2AD3-4B43-8381-FD5AA3A24B08} = {1D21DEB3-741B-4A27-8C41-4D56B959E0DF}
		{E3BC8A06-08A0-4924-87BC-C71F267702A3} = {1D21DEB3-741B-4A27-8C41-4D56B959E0DF}
		{E76AFB51-987D-4E8F-862D-F67E97287017} = {0BC212B3-805B-4676-801F-D91FA5E02E6B}
		{B03F8025-19B3-4926-9825-F01186B97E71} = {0BC212B3-805B-4676-801F-D91FA5E02E6B}
	EndGlobalSection
	GlobalSection(ExtensibilityGlobals) = postSolution
		SolutionGuid = {D49C7985-4A79-4CF7-B4F8-1CD45BDDE1CD}
	EndGlobalSection
EndGlobal
