
Microsoft Visual Studio Solution File, Format Version 12.00
# Visual Studio Version 17
VisualStudioVersion = 17.10.35013.160
MinimumVisualStudioVersion = 10.0.40219.1
Project("{9A19103F-16F7-4668-BE54-9A1E7A4F7556}") = "Tesing", "BedrockServer\Tesing.csproj", "{896458D0-0E14-4DA6-BF90-C239EC036E94}"
EndProject
Project("{9A19103F-16F7-4668-BE54-9A1E7A4F7556}") = "RakNet", "ConRaknet\RakNet.csproj", "{D7F95B58-3ED0-4B3B-84BC-3C32EB150EF6}"
EndProject
Project("{9A19103F-16F7-4668-BE54-9A1E7A4F7556}") = "Buffers", "ConBuffers\Buffers.csproj", "{612377F8-B13F-4818-890C-2990A02C24A1}"
EndProject
Project("{9A19103F-16F7-4668-BE54-9A1E7A4F7556}") = "NBT", "NBT\NBT.csproj", "{E3F98829-40CA-40BC-9971-C80F87A5777C}"
EndProject
Project("{2150E333-8FDC-42A3-9474-1A3956D46DE8}") = "Solution Items", "Solution Items", "{043BB414-D6C0-4F6C-9411-A5FE823F225A}"
	ProjectSection(SolutionItems) = preProject
		feature-request.md = feature-request.md
	EndProjectSection
EndProject
Project("{9A19103F-16F7-4668-BE54-9A1E7A4F7556}") = "ConsoleLogger", "ConsoleLogger\ConsoleLogger.csproj", "{7E3A88EC-A07D-4878-A0D3-1B985FE77B34}"
EndProject
Project("{2150E333-8FDC-42A3-9474-1A3956D46DE8}") = "ActiveDevelopment", "ActiveDevelopment", "{47082AC7-E4B5-4AFF-B4FA-4ED38C2B7570}"
EndProject
Project("{2150E333-8FDC-42A3-9474-1A3956D46DE8}") = "Release", "Release", "{CE3C2761-0C52-4B58-8CBB-C677914EE57F}"
EndProject
Project("{9A19103F-16F7-4668-BE54-9A1E7A4F7556}") = "Lmaotho-bin", "Conrock\Lmaotho-bin.csproj", "{233B5847-2CC9-4421-93D1-10443DE550E6}"
EndProject
Project("{2150E333-8FDC-42A3-9474-1A3956D46DE8}") = "Bin", "Bin", "{BA12AADB-BD07-45D1-84C5-406A1E4C3E77}"
EndProject
Project("{9A19103F-16F7-4668-BE54-9A1E7A4F7556}") = "Network", "Server\Network.csproj", "{DC9D8814-C92E-4530-A53B-8A3CB3C748E3}"
EndProject
Project("{9A19103F-16F7-4668-BE54-9A1E7A4F7556}") = "Base", "Base\Base.csproj", "{4264E6BA-ECE5-4ECA-833D-309D17B2DF8B}"
EndProject
Project("{9A19103F-16F7-4668-BE54-9A1E7A4F7556}") = "Protocol", "Protocol\Protocol.csproj", "{1B34ACCD-5322-498C-B5F9-FE4A8551B95D}"
EndProject
Project("{9A19103F-16F7-4668-BE54-9A1E7A4F7556}") = "Deepslate", "Deepslate\Deepslate.csproj", "{4F0C6F7D-0DB0-4F0F-B7C3-7E7AB9CD1DFA}"
EndProject
Project("{9A19103F-16F7-4668-BE54-9A1E7A4F7556}") = "DeepslateLauncher", "DeepslateLauncher\DeepslateLauncher.csproj", "{32370037-B508-4036-94EA-6A338CF507D4}"
	ProjectSection(ProjectDependencies) = postProject
		{9EDDF244-4E1C-4496-830C-D1BE9C801895} = {9EDDF244-4E1C-4496-830C-D1BE9C801895}
	EndProjectSection
EndProject
Project("{2150E333-8FDC-42A3-9474-1A3956D46DE8}") = "Plugins", "Plugins", "{0F9FB7A4-6C1E-477A-AB13-53A591B0A798}"
EndProject
Project("{9A19103F-16F7-4668-BE54-9A1E7A4F7556}") = "GeneralPlugin", "GeneralPlugin\GeneralPlugin.csproj", "{9EDDF244-4E1C-4496-830C-D1BE9C801895}"
EndProject
Project("{2150E333-8FDC-42A3-9474-1A3956D46DE8}") = "Tools", "Tools", "{72432DD2-4C10-4F62-8B19-E044BF3CABCB}"
EndProject
Project("{9A19103F-16F7-4668-BE54-9A1E7A4F7556}") = "PluginBundler", "PluginBundler\PluginBundler.csproj", "{BAD65D97-DAF0-423F-84BA-466827F5DF94}"
EndProject
Project("{FAE04EC0-301F-11D3-BF4B-00C04F79EFBC}") = "DeepslateProxy", "DeepslateProxy\DeepslateProxy.csproj", "{484DE63A-ECBD-4FCE-B297-73D3748067F9}"
EndProject
Global
	GlobalSection(SolutionConfigurationPlatforms) = preSolution
		Debug|Any CPU = Debug|Any CPU
		Debug|x64 = Debug|x64
		Release|Any CPU = Release|Any CPU
		Release|x64 = Release|x64
	EndGlobalSection
	GlobalSection(ProjectConfigurationPlatforms) = postSolution
		{896458D0-0E14-4DA6-BF90-C239EC036E94}.Debug|Any CPU.ActiveCfg = Debug|Any CPU
		{896458D0-0E14-4DA6-BF90-C239EC036E94}.Debug|Any CPU.Build.0 = Debug|Any CPU
		{896458D0-0E14-4DA6-BF90-C239EC036E94}.Debug|x64.ActiveCfg = Debug|Any CPU
		{896458D0-0E14-4DA6-BF90-C239EC036E94}.Debug|x64.Build.0 = Debug|Any CPU
		{896458D0-0E14-4DA6-BF90-C239EC036E94}.Release|Any CPU.ActiveCfg = Release|Any CPU
		{896458D0-0E14-4DA6-BF90-C239EC036E94}.Release|Any CPU.Build.0 = Release|Any CPU
		{896458D0-0E14-4DA6-BF90-C239EC036E94}.Release|x64.ActiveCfg = Release|Any CPU
		{896458D0-0E14-4DA6-BF90-C239EC036E94}.Release|x64.Build.0 = Release|Any CPU
		{D7F95B58-3ED0-4B3B-84BC-3C32EB150EF6}.Debug|Any CPU.ActiveCfg = Debug|Any CPU
		{D7F95B58-3ED0-4B3B-84BC-3C32EB150EF6}.Debug|Any CPU.Build.0 = Debug|Any CPU
		{D7F95B58-3ED0-4B3B-84BC-3C32EB150EF6}.Debug|x64.ActiveCfg = Debug|Any CPU
		{D7F95B58-3ED0-4B3B-84BC-3C32EB150EF6}.Debug|x64.Build.0 = Debug|Any CPU
		{D7F95B58-3ED0-4B3B-84BC-3C32EB150EF6}.Release|Any CPU.ActiveCfg = Release|Any CPU
		{D7F95B58-3ED0-4B3B-84BC-3C32EB150EF6}.Release|Any CPU.Build.0 = Release|Any CPU
		{D7F95B58-3ED0-4B3B-84BC-3C32EB150EF6}.Release|x64.ActiveCfg = Release|Any CPU
		{D7F95B58-3ED0-4B3B-84BC-3C32EB150EF6}.Release|x64.Build.0 = Release|Any CPU
		{612377F8-B13F-4818-890C-2990A02C24A1}.Debug|Any CPU.ActiveCfg = Debug|Any CPU
		{612377F8-B13F-4818-890C-2990A02C24A1}.Debug|Any CPU.Build.0 = Debug|Any CPU
		{612377F8-B13F-4818-890C-2990A02C24A1}.Debug|x64.ActiveCfg = Debug|Any CPU
		{612377F8-B13F-4818-890C-2990A02C24A1}.Debug|x64.Build.0 = Debug|Any CPU
		{612377F8-B13F-4818-890C-2990A02C24A1}.Release|Any CPU.ActiveCfg = Release|Any CPU
		{612377F8-B13F-4818-890C-2990A02C24A1}.Release|Any CPU.Build.0 = Release|Any CPU
		{612377F8-B13F-4818-890C-2990A02C24A1}.Release|x64.ActiveCfg = Release|Any CPU
		{612377F8-B13F-4818-890C-2990A02C24A1}.Release|x64.Build.0 = Release|Any CPU
		{E3F98829-40CA-40BC-9971-C80F87A5777C}.Debug|Any CPU.ActiveCfg = Debug|Any CPU
		{E3F98829-40CA-40BC-9971-C80F87A5777C}.Debug|Any CPU.Build.0 = Debug|Any CPU
		{E3F98829-40CA-40BC-9971-C80F87A5777C}.Debug|x64.ActiveCfg = Debug|Any CPU
		{E3F98829-40CA-40BC-9971-C80F87A5777C}.Debug|x64.Build.0 = Debug|Any CPU
		{E3F98829-40CA-40BC-9971-C80F87A5777C}.Release|Any CPU.ActiveCfg = Release|Any CPU
		{E3F98829-40CA-40BC-9971-C80F87A5777C}.Release|Any CPU.Build.0 = Release|Any CPU
		{E3F98829-40CA-40BC-9971-C80F87A5777C}.Release|x64.ActiveCfg = Release|Any CPU
		{E3F98829-40CA-40BC-9971-C80F87A5777C}.Release|x64.Build.0 = Release|Any CPU
		{7E3A88EC-A07D-4878-A0D3-1B985FE77B34}.Debug|Any CPU.ActiveCfg = Debug|Any CPU
		{7E3A88EC-A07D-4878-A0D3-1B985FE77B34}.Debug|Any CPU.Build.0 = Debug|Any CPU
		{7E3A88EC-A07D-4878-A0D3-1B985FE77B34}.Debug|x64.ActiveCfg = Debug|Any CPU
		{7E3A88EC-A07D-4878-A0D3-1B985FE77B34}.Debug|x64.Build.0 = Debug|Any CPU
		{7E3A88EC-A07D-4878-A0D3-1B985FE77B34}.Release|Any CPU.ActiveCfg = Release|Any CPU
		{7E3A88EC-A07D-4878-A0D3-1B985FE77B34}.Release|Any CPU.Build.0 = Release|Any CPU
		{7E3A88EC-A07D-4878-A0D3-1B985FE77B34}.Release|x64.ActiveCfg = Release|Any CPU
		{7E3A88EC-A07D-4878-A0D3-1B985FE77B34}.Release|x64.Build.0 = Release|Any CPU
		{233B5847-2CC9-4421-93D1-10443DE550E6}.Debug|Any CPU.ActiveCfg = Debug|Any CPU
		{233B5847-2CC9-4421-93D1-10443DE550E6}.Debug|Any CPU.Build.0 = Debug|Any CPU
		{233B5847-2CC9-4421-93D1-10443DE550E6}.Debug|x64.ActiveCfg = Debug|Any CPU
		{233B5847-2CC9-4421-93D1-10443DE550E6}.Debug|x64.Build.0 = Debug|Any CPU
		{233B5847-2CC9-4421-93D1-10443DE550E6}.Release|Any CPU.ActiveCfg = Release|Any CPU
		{233B5847-2CC9-4421-93D1-10443DE550E6}.Release|Any CPU.Build.0 = Release|Any CPU
		{233B5847-2CC9-4421-93D1-10443DE550E6}.Release|x64.ActiveCfg = Release|Any CPU
		{233B5847-2CC9-4421-93D1-10443DE550E6}.Release|x64.Build.0 = Release|Any CPU
		{DC9D8814-C92E-4530-A53B-8A3CB3C748E3}.Debug|Any CPU.ActiveCfg = Debug|Any CPU
		{DC9D8814-C92E-4530-A53B-8A3CB3C748E3}.Debug|Any CPU.Build.0 = Debug|Any CPU
		{DC9D8814-C92E-4530-A53B-8A3CB3C748E3}.Debug|x64.ActiveCfg = Debug|Any CPU
		{DC9D8814-C92E-4530-A53B-8A3CB3C748E3}.Debug|x64.Build.0 = Debug|Any CPU
		{DC9D8814-C92E-4530-A53B-8A3CB3C748E3}.Release|Any CPU.ActiveCfg = Release|Any CPU
		{DC9D8814-C92E-4530-A53B-8A3CB3C748E3}.Release|Any CPU.Build.0 = Release|Any CPU
		{DC9D8814-C92E-4530-A53B-8A3CB3C748E3}.Release|x64.ActiveCfg = Release|Any CPU
		{DC9D8814-C92E-4530-A53B-8A3CB3C748E3}.Release|x64.Build.0 = Release|Any CPU
		{4264E6BA-ECE5-4ECA-833D-309D17B2DF8B}.Debug|Any CPU.ActiveCfg = Debug|Any CPU
		{4264E6BA-ECE5-4ECA-833D-309D17B2DF8B}.Debug|Any CPU.Build.0 = Debug|Any CPU
		{4264E6BA-ECE5-4ECA-833D-309D17B2DF8B}.Debug|x64.ActiveCfg = Debug|Any CPU
		{4264E6BA-ECE5-4ECA-833D-309D17B2DF8B}.Debug|x64.Build.0 = Debug|Any CPU
		{4264E6BA-ECE5-4ECA-833D-309D17B2DF8B}.Release|Any CPU.ActiveCfg = Release|Any CPU
		{4264E6BA-ECE5-4ECA-833D-309D17B2DF8B}.Release|Any CPU.Build.0 = Release|Any CPU
		{4264E6BA-ECE5-4ECA-833D-309D17B2DF8B}.Release|x64.ActiveCfg = Release|Any CPU
		{4264E6BA-ECE5-4ECA-833D-309D17B2DF8B}.Release|x64.Build.0 = Release|Any CPU
		{1B34ACCD-5322-498C-B5F9-FE4A8551B95D}.Debug|Any CPU.ActiveCfg = Debug|Any CPU
		{1B34ACCD-5322-498C-B5F9-FE4A8551B95D}.Debug|Any CPU.Build.0 = Debug|Any CPU
		{1B34ACCD-5322-498C-B5F9-FE4A8551B95D}.Debug|x64.ActiveCfg = Debug|Any CPU
		{1B34ACCD-5322-498C-B5F9-FE4A8551B95D}.Debug|x64.Build.0 = Debug|Any CPU
		{1B34ACCD-5322-498C-B5F9-FE4A8551B95D}.Release|Any CPU.ActiveCfg = Release|Any CPU
		{1B34ACCD-5322-498C-B5F9-FE4A8551B95D}.Release|Any CPU.Build.0 = Release|Any CPU
		{1B34ACCD-5322-498C-B5F9-FE4A8551B95D}.Release|x64.ActiveCfg = Release|Any CPU
		{1B34ACCD-5322-498C-B5F9-FE4A8551B95D}.Release|x64.Build.0 = Release|Any CPU
		{4F0C6F7D-0DB0-4F0F-B7C3-7E7AB9CD1DFA}.Debug|Any CPU.ActiveCfg = Debug|Any CPU
		{4F0C6F7D-0DB0-4F0F-B7C3-7E7AB9CD1DFA}.Debug|Any CPU.Build.0 = Debug|Any CPU
		{4F0C6F7D-0DB0-4F0F-B7C3-7E7AB9CD1DFA}.Debug|x64.ActiveCfg = Debug|Any CPU
		{4F0C6F7D-0DB0-4F0F-B7C3-7E7AB9CD1DFA}.Debug|x64.Build.0 = Debug|Any CPU
		{4F0C6F7D-0DB0-4F0F-B7C3-7E7AB9CD1DFA}.Release|Any CPU.ActiveCfg = Release|Any CPU
		{4F0C6F7D-0DB0-4F0F-B7C3-7E7AB9CD1DFA}.Release|Any CPU.Build.0 = Release|Any CPU
		{4F0C6F7D-0DB0-4F0F-B7C3-7E7AB9CD1DFA}.Release|x64.ActiveCfg = Release|Any CPU
		{4F0C6F7D-0DB0-4F0F-B7C3-7E7AB9CD1DFA}.Release|x64.Build.0 = Release|Any CPU
		{32370037-B508-4036-94EA-6A338CF507D4}.Debug|Any CPU.ActiveCfg = Debug|Any CPU
		{32370037-B508-4036-94EA-6A338CF507D4}.Debug|Any CPU.Build.0 = Debug|Any CPU
		{32370037-B508-4036-94EA-6A338CF507D4}.Debug|x64.ActiveCfg = Debug|Any CPU
		{32370037-B508-4036-94EA-6A338CF507D4}.Debug|x64.Build.0 = Debug|Any CPU
		{32370037-B508-4036-94EA-6A338CF507D4}.Release|Any CPU.ActiveCfg = Release|Any CPU
		{32370037-B508-4036-94EA-6A338CF507D4}.Release|Any CPU.Build.0 = Release|Any CPU
		{32370037-B508-4036-94EA-6A338CF507D4}.Release|x64.ActiveCfg = Release|Any CPU
		{32370037-B508-4036-94EA-6A338CF507D4}.Release|x64.Build.0 = Release|Any CPU
		{9EDDF244-4E1C-4496-830C-D1BE9C801895}.Debug|Any CPU.ActiveCfg = Debug|Any CPU
		{9EDDF244-4E1C-4496-830C-D1BE9C801895}.Debug|Any CPU.Build.0 = Debug|Any CPU
		{9EDDF244-4E1C-4496-830C-D1BE9C801895}.Debug|x64.ActiveCfg = Debug|Any CPU
		{9EDDF244-4E1C-4496-830C-D1BE9C801895}.Debug|x64.Build.0 = Debug|Any CPU
		{9EDDF244-4E1C-4496-830C-D1BE9C801895}.Release|Any CPU.ActiveCfg = Release|Any CPU
		{9EDDF244-4E1C-4496-830C-D1BE9C801895}.Release|Any CPU.Build.0 = Release|Any CPU
		{9EDDF244-4E1C-4496-830C-D1BE9C801895}.Release|x64.ActiveCfg = Release|Any CPU
		{9EDDF244-4E1C-4496-830C-D1BE9C801895}.Release|x64.Build.0 = Release|Any CPU
		{BAD65D97-DAF0-423F-84BA-466827F5DF94}.Debug|Any CPU.ActiveCfg = Debug|Any CPU
		{BAD65D97-DAF0-423F-84BA-466827F5DF94}.Debug|Any CPU.Build.0 = Debug|Any CPU
		{BAD65D97-DAF0-423F-84BA-466827F5DF94}.Debug|x64.ActiveCfg = Debug|Any CPU
		{BAD65D97-DAF0-423F-84BA-466827F5DF94}.Debug|x64.Build.0 = Debug|Any CPU
		{BAD65D97-DAF0-423F-84BA-466827F5DF94}.Release|Any CPU.ActiveCfg = Release|Any CPU
		{BAD65D97-DAF0-423F-84BA-466827F5DF94}.Release|Any CPU.Build.0 = Release|Any CPU
		{BAD65D97-DAF0-423F-84BA-466827F5DF94}.Release|x64.ActiveCfg = Release|Any CPU
		{BAD65D97-DAF0-423F-84BA-466827F5DF94}.Release|x64.Build.0 = Release|Any CPU
		{484DE63A-ECBD-4FCE-B297-73D3748067F9}.Debug|Any CPU.ActiveCfg = Debug|Any CPU
		{484DE63A-ECBD-4FCE-B297-73D3748067F9}.Debug|Any CPU.Build.0 = Debug|Any CPU
		{484DE63A-ECBD-4FCE-B297-73D3748067F9}.Debug|x64.ActiveCfg = Debug|Any CPU
		{484DE63A-ECBD-4FCE-B297-73D3748067F9}.Debug|x64.Build.0 = Debug|Any CPU
		{484DE63A-ECBD-4FCE-B297-73D3748067F9}.Release|Any CPU.ActiveCfg = Release|Any CPU
		{484DE63A-ECBD-4FCE-B297-73D3748067F9}.Release|Any CPU.Build.0 = Release|Any CPU
		{484DE63A-ECBD-4FCE-B297-73D3748067F9}.Release|x64.ActiveCfg = Release|Any CPU
		{484DE63A-ECBD-4FCE-B297-73D3748067F9}.Release|x64.Build.0 = Release|Any CPU
	EndGlobalSection
	GlobalSection(SolutionProperties) = preSolution
		HideSolutionNode = FALSE
	EndGlobalSection
	GlobalSection(NestedProjects) = preSolution
		{D7F95B58-3ED0-4B3B-84BC-3C32EB150EF6} = {CE3C2761-0C52-4B58-8CBB-C677914EE57F}
		{612377F8-B13F-4818-890C-2990A02C24A1} = {CE3C2761-0C52-4B58-8CBB-C677914EE57F}
		{E3F98829-40CA-40BC-9971-C80F87A5777C} = {47082AC7-E4B5-4AFF-B4FA-4ED38C2B7570}
		{7E3A88EC-A07D-4878-A0D3-1B985FE77B34} = {BA12AADB-BD07-45D1-84C5-406A1E4C3E77}
		{233B5847-2CC9-4421-93D1-10443DE550E6} = {BA12AADB-BD07-45D1-84C5-406A1E4C3E77}
		{DC9D8814-C92E-4530-A53B-8A3CB3C748E3} = {CE3C2761-0C52-4B58-8CBB-C677914EE57F}
		{4264E6BA-ECE5-4ECA-833D-309D17B2DF8B} = {CE3C2761-0C52-4B58-8CBB-C677914EE57F}
		{1B34ACCD-5322-498C-B5F9-FE4A8551B95D} = {47082AC7-E4B5-4AFF-B4FA-4ED38C2B7570}
		{4F0C6F7D-0DB0-4F0F-B7C3-7E7AB9CD1DFA} = {47082AC7-E4B5-4AFF-B4FA-4ED38C2B7570}
		{9EDDF244-4E1C-4496-830C-D1BE9C801895} = {0F9FB7A4-6C1E-477A-AB13-53A591B0A798}
		{BAD65D97-DAF0-423F-84BA-466827F5DF94} = {72432DD2-4C10-4F62-8B19-E044BF3CABCB}
		{484DE63A-ECBD-4FCE-B297-73D3748067F9} = {47082AC7-E4B5-4AFF-B4FA-4ED38C2B7570}
	EndGlobalSection
	GlobalSection(ExtensibilityGlobals) = postSolution
		SolutionGuid = {03334174-0D53-4DEB-97EA-B9A8A6BEF7F4}
	EndGlobalSection
EndGlobal
